{
  "name": "lstencil",
  "version": "0.0.1",
  "lockfileVersion": 1,
  "requires": true,
  "dependencies": {
    "@glidejs/glide": {
      "version": "3.4.1",
      "resolved": "https://registry.npmjs.org/@glidejs/glide/-/glide-3.4.1.tgz",
      "integrity": "sha512-C34AEcK1HjSyxilRToUL54I6KAoodojUbeRlXoruobZuG0eGm8xfDL+3kgkWj7AJK4EZtunSOYfoqMp70eDtwg=="
    },
    "@ionic/core": {
      "version": "4.9.0",
      "resolved": "https://registry.npmjs.org/@ionic/core/-/core-4.9.0.tgz",
      "integrity": "sha512-9RPW4xful+7iLPk48rHHJRS8l/1UfLkWcfPZS5AVHW9yVl90zmHl91E//rk9A2lgkZB9mPDfXlbaxToxr8fZGw==",
      "requires": {
        "ionicons": "^4.6.3",
        "tslib": "^1.10.0"
      }
    },
    "@stencil/core": {
      "version": "1.4.0",
      "resolved": "https://registry.npmjs.org/@stencil/core/-/core-1.4.0.tgz",
      "integrity": "sha512-/iI87p7XsqE3U96ykx4SSY/btv9jZguI3JkG8RaTNlQipPUmPb0JmLei8sgijTUD/fY5TFuE3L1o8hwLI0rW3A==",
      "dev": true,
      "requires": {
        "typescript": "3.6.2"
      }
    },
    "@stencil/redux": {
      "version": "0.1.1",
      "resolved": "https://registry.npmjs.org/@stencil/redux/-/redux-0.1.1.tgz",
      "integrity": "sha512-yLCzUUfeaESHUahK+KKrYMS++iF9oMibb+8vu/ObmkY4ik3SpZie1f0Qq4yOrxNbq1uP2Cy1SyjULZ5+aHFVAA=="
    },
    "@stencil/sass": {
      "version": "1.1.0",
      "resolved": "https://registry.npmjs.org/@stencil/sass/-/sass-1.1.0.tgz",
      "integrity": "sha512-pWb6hhH/Q1YbtTRihJHhojHSu1DLOKRO+pl+HnQw/WXkaepzX2ClSukK4pBFBDIuNI2Es8Ip08C8/6lK/9aJ/A==",
      "dev": true
    },
    "anymatch": {
      "version": "3.1.1",
      "resolved": "https://registry.npmjs.org/anymatch/-/anymatch-3.1.1.tgz",
      "integrity": "sha512-mM8522psRCqzV+6LhomX5wgp25YVibjh8Wj23I5RPkPppSVSjyKD2A2mBJmWGa+KN7f2D6LNh9jkBCeyLktzjg==",
      "requires": {
        "normalize-path": "^3.0.0",
        "picomatch": "^2.0.4"
      }
    },
    "binary-extensions": {
      "version": "2.0.0",
      "resolved": "https://registry.npmjs.org/binary-extensions/-/binary-extensions-2.0.0.tgz",
      "integrity": "sha512-Phlt0plgpIIBOGTT/ehfFnbNlfsDEiqmzE2KRXoX1bLIlir4X/MR+zSyBEkL05ffWgnRSf/DXv+WrUAVr93/ow=="
    },
    "braces": {
      "version": "3.0.2",
      "resolved": "https://registry.npmjs.org/braces/-/braces-3.0.2.tgz",
      "integrity": "sha512-b8um+L1RzM3WDSzvhm6gIz1yfTbBt6YTlcEKAvsmqCZZFw46z626lVj9j1yEPW33H5H+lBQpZMP1k8l+78Ha0A==",
      "requires": {
        "fill-range": "^7.0.1"
      }
    },
    "chokidar": {
      "version": "3.2.1",
      "resolved": "https://registry.npmjs.org/chokidar/-/chokidar-3.2.1.tgz",
      "integrity": "sha512-/j5PPkb5Feyps9e+jo07jUZGvkB5Aj953NrI4s8xSVScrAo/RHeILrtdb4uzR7N6aaFFxxJ+gt8mA8HfNpw76w==",
      "requires": {
        "anymatch": "~3.1.1",
        "braces": "~3.0.2",
        "fsevents": "~2.1.0",
        "glob-parent": "~5.1.0",
        "is-binary-path": "~2.1.0",
        "is-glob": "~4.0.1",
        "normalize-path": "~3.0.0",
        "readdirp": "~3.1.3"
      }
    },
    "deep-diff": {
      "version": "0.3.8",
      "resolved": "https://registry.npmjs.org/deep-diff/-/deep-diff-0.3.8.tgz",
      "integrity": "sha1-wB3mPvsO7JeYgB1Ax+Da4ltYLIQ="
    },
    "estree-walker": {
      "version": "0.6.1",
      "resolved": "https://registry.npmjs.org/estree-walker/-/estree-walker-0.6.1.tgz",
      "integrity": "sha512-SqmZANLWS0mnatqbSfRP5g8OXZC12Fgg1IwNtLsyHDzJizORW4khDfjPqJZsemPWBB2uqykUah5YpQ6epsqC/w==",
      "dev": true
    },
    "fill-range": {
      "version": "7.0.1",
      "resolved": "https://registry.npmjs.org/fill-range/-/fill-range-7.0.1.tgz",
      "integrity": "sha512-qOo9F+dMUmC2Lcb4BbVvnKJxTPjCm+RRpe4gDuGrzkL7mEVl/djYSu2OdQ2Pa302N4oqkSg9ir6jaLWJ2USVpQ==",
      "requires": {
        "to-regex-range": "^5.0.1"
      }
    },
    "fsevents": {
      "version": "2.1.0",
      "resolved": "https://registry.npmjs.org/fsevents/-/fsevents-2.1.0.tgz",
      "integrity": "sha512-+iXhW3LuDQsno8dOIrCIT/CBjeBWuP7PXe8w9shnj9Lebny/Gx1ZjVBYwexLz36Ri2jKuXMNpV6CYNh8lHHgrQ==",
      "optional": true
    },
    "glob-parent": {
      "version": "5.1.0",
      "resolved": "https://registry.npmjs.org/glob-parent/-/glob-parent-5.1.0.tgz",
      "integrity": "sha512-qjtRgnIVmOfnKUE3NJAQEdk+lKrxfw8t5ke7SXtfMTHcjsBfOfWXCQfdb30zfDoZQ2IRSIiidmjtbHZPZ++Ihw==",
      "requires": {
        "is-glob": "^4.0.1"
      }
    },
    "ionicons": {
      "version": "4.6.3",
      "resolved": "https://registry.npmjs.org/ionicons/-/ionicons-4.6.3.tgz",
      "integrity": "sha512-cgP+VIr2cTJpMfFyVHTerq6n2jeoiGboVoe3GlaAo5zoSBDAEXORwUZhv6m+lCyxlsHCS3nqPUE+MKyZU71t8Q=="
    },
    "is-binary-path": {
      "version": "2.1.0",
      "resolved": "https://registry.npmjs.org/is-binary-path/-/is-binary-path-2.1.0.tgz",
      "integrity": "sha512-ZMERYes6pDydyuGidse7OsHxtbI7WVeUEozgR/g7rd0xUimYNlvZRE/K2MgZTjWy725IfelLeVcEM97mmtRGXw==",
      "requires": {
        "binary-extensions": "^2.0.0"
      }
    },
    "is-extglob": {
      "version": "2.1.1",
      "resolved": "https://registry.npmjs.org/is-extglob/-/is-extglob-2.1.1.tgz",
      "integrity": "sha1-qIwCU1eR8C7TfHahueqXc8gz+MI="
    },
    "is-glob": {
      "version": "4.0.1",
      "resolved": "https://registry.npmjs.org/is-glob/-/is-glob-4.0.1.tgz",
      "integrity": "sha512-5G0tKtBTFImOqDnLB2hG6Bp2qcKEFduo4tZu9MT/H6NQv/ghhy30o55ufafxJ/LdH79LLs2Kfrn85TLKyA7BUg==",
      "requires": {
        "is-extglob": "^2.1.1"
      }
    },
    "is-number": {
      "version": "7.0.0",
      "resolved": "https://registry.npmjs.org/is-number/-/is-number-7.0.0.tgz",
      "integrity": "sha512-41Cifkg6e8TylSpdtTpeLVMqvSBEVzTttHvERD741+pnZ8ANv0004MRL43QKPDlK9cGvNp6NZWZUBlbGXYxxng=="
    },
    "js-datepicker": {
      "version": "5.0.3",
      "resolved": "https://registry.npmjs.org/js-datepicker/-/js-datepicker-5.0.3.tgz",
      "integrity": "sha512-s6s9kN+4QJR4rtaNE0l5O/Md/JfY0bFu+VKdE3mtC3/iqarMNFdiIbsaOaEEmf51ujL88ECkw9M/XvBbMkELRw=="
    },
    "js-tokens": {
      "version": "4.0.0",
      "resolved": "https://registry.npmjs.org/js-tokens/-/js-tokens-4.0.0.tgz",
      "integrity": "sha512-RdJUflcE3cUzKiMqQgsCu06FPu9UdIJO0beYbPhHN4k6apgJtifcoCtT9bcxOpYBtpD2kCM6Sbzg4CausW/PKQ=="
    },
    "loose-envify": {
      "version": "1.4.0",
      "resolved": "https://registry.npmjs.org/loose-envify/-/loose-envify-1.4.0.tgz",
      "integrity": "sha512-lyuxPGr/Wfhrlem2CL/UcnUc1zcqKAImBDzukY7Y5F/yQiNdko6+fRLevlw1HgMySw7f611UIY408EtxRSoK3Q==",
      "requires": {
        "js-tokens": "^3.0.0 || ^4.0.0"
      }
    },
    "magic-string": {
      "version": "0.25.3",
      "resolved": "https://registry.npmjs.org/magic-string/-/magic-string-0.25.3.tgz",
      "integrity": "sha512-6QK0OpF/phMz0Q2AxILkX2mFhi7m+WMwTRg0LQKq/WBB0cDP4rYH3Wp4/d3OTXlrPLVJT/RFqj8tFeAR4nk8AA==",
      "dev": true,
      "requires": {
        "sourcemap-codec": "^1.4.4"
      }
    },
    "normalize-path": {
      "version": "3.0.0",
      "resolved": "https://registry.npmjs.org/normalize-path/-/normalize-path-3.0.0.tgz",
      "integrity": "sha512-6eZs5Ls3WtCisHWp9S2GUy8dqkpGi4BVSz3GaqiE6ezub0512ESztXUwUB6C6IKbQkY2Pnb/mD4WYojCRwcwLA=="
    },
    "picomatch": {
      "version": "2.0.7",
      "resolved": "https://registry.npmjs.org/picomatch/-/picomatch-2.0.7.tgz",
      "integrity": "sha512-oLHIdio3tZ0qH76NybpeneBhYVj0QFTfXEFTc/B3zKQspYfYYkWYgFsmzo+4kvId/bQRcNkVeguI3y+CD22BtA=="
    },
    "readdirp": {
      "version": "3.1.3",
      "resolved": "https://registry.npmjs.org/readdirp/-/readdirp-3.1.3.tgz",
      "integrity": "sha512-ZOsfTGkjO2kqeR5Mzr5RYDbTGYneSkdNKX2fOX2P5jF7vMrd/GNnIAUtDldeHHumHUCQ3V05YfWUdxMPAsRu9Q==",
      "requires": {
        "picomatch": "^2.0.4"
      }
    },
    "redux": {
      "version": "4.0.4",
      "resolved": "https://registry.npmjs.org/redux/-/redux-4.0.4.tgz",
      "integrity": "sha512-vKv4WdiJxOWKxK0yRoaK3Y4pxxB0ilzVx6dszU2W8wLxlb2yikRph4iV/ymtdJ6ZxpBLFbyrxklnT5yBbQSl3Q==",
      "requires": {
        "loose-envify": "^1.4.0",
        "symbol-observable": "^1.2.0"
      }
    },
    "redux-logger": {
      "version": "3.0.6",
      "resolved": "https://registry.npmjs.org/redux-logger/-/redux-logger-3.0.6.tgz",
      "integrity": "sha1-91VZZvMJjzyIYExEnPC69XeCdL8=",
      "requires": {
        "deep-diff": "^0.3.5"
      }
    },
    "redux-thunk": {
      "version": "2.3.0",
      "resolved": "https://registry.npmjs.org/redux-thunk/-/redux-thunk-2.3.0.tgz",
      "integrity": "sha512-km6dclyFnmcvxhAcrQV2AkZmPQjzPDjgVlQtR0EQjxZPyJ0BnMf3in1ryuR8A2qU0HldVRfxYXbFSKlI3N7Slw=="
    },
    "rollup-plugin-replace": {
      "version": "2.2.0",
      "resolved": "https://registry.npmjs.org/rollup-plugin-replace/-/rollup-plugin-replace-2.2.0.tgz",
      "integrity": "sha512-/5bxtUPkDHyBJAKketb4NfaeZjL5yLZdeUihSfbF2PQMz+rSTEb8ARKoOl3UBT4m7/X+QOXJo3sLTcq+yMMYTA==",
      "dev": true,
      "requires": {
        "magic-string": "^0.25.2",
        "rollup-pluginutils": "^2.6.0"
      }
    },
    "rollup-pluginutils": {
      "version": "2.8.1",
      "resolved": "https://registry.npmjs.org/rollup-pluginutils/-/rollup-pluginutils-2.8.1.tgz",
      "integrity": "sha512-J5oAoysWar6GuZo0s+3bZ6sVZAC0pfqKz68De7ZgDi5z63jOVZn1uJL/+z1jeKHNbGII8kAyHF5q8LnxSX5lQg==",
      "dev": true,
      "requires": {
        "estree-walker": "^0.6.1"
      }
    },
    "sourcemap-codec": {
      "version": "1.4.6",
      "resolved": "https://registry.npmjs.org/sourcemap-codec/-/sourcemap-codec-1.4.6.tgz",
      "integrity": "sha512-1ZooVLYFxC448piVLBbtOxFcXwnymH9oUF8nRd3CuYDVvkRBxRl6pB4Mtas5a4drtL+E8LDgFkQNcgIw6tc8Hg==",
      "dev": true
    },
    "symbol-observable": {
      "version": "1.2.0",
      "resolved": "https://registry.npmjs.org/symbol-observable/-/symbol-observable-1.2.0.tgz",
      "integrity": "sha512-e900nM8RRtGhlV36KGEU9k65K3mPb1WV70OdjfxlG2EAuM1noi/E/BaW/uMhL7bPEssK8QV57vN3esixjUvcXQ=="
    },
    "to-regex-range": {
      "version": "5.0.1",
      "resolved": "https://registry.npmjs.org/to-regex-range/-/to-regex-range-5.0.1.tgz",
      "integrity": "sha512-65P7iz6X5yEr1cwcgvQxbbIw7Uk3gOy5dIdtZ4rDveLqhrdJP+Li/Hx6tyK0NEb+2GCyneCMJiGqrADCSNk8sQ==",
      "requires": {
        "is-number": "^7.0.0"
      }
    },
    "tslib": {
      "version": "1.10.0",
      "resolved": "https://registry.npmjs.org/tslib/-/tslib-1.10.0.tgz",
      "integrity": "sha512-qOebF53frne81cf0S9B41ByenJ3/IuH8yJKngAX35CmiZySA0khhkovshKK+jGCaMnVomla7gVlIcc3EvKPbTQ=="
    },
    "typescript": {
      "version": "3.6.2",
      "resolved": "https://registry.npmjs.org/typescript/-/typescript-3.6.2.tgz",
      "integrity": "sha512-lmQ4L+J6mnu3xweP8+rOrUwzmN+MRAj7TgtJtDaXE5PMyX2kCrklhg3rvOsOIfNeAWMQWO2F1GPc1kMD2vLAfw==",
      "dev": true
    }
  }
}
